{
    "name": "微头条动态卡片，类似朋友圈，qq说说，微头条，实现多张图片自适应排列布局",
    "version": "1.0.1（2021-03-30）",
    "lockfileVersion": 2,
    "requires": true,
    "packages": {
        "": {
            "name": "微头条动态卡片，类似朋友圈，qq说说，微头条，实现多张图片自适应排列布局",
            "version": "1.0.1（2021-03-30）",
            "dependencies": {
                "dayjs": "^1.10.7",
                "uni-read-pages": "^1.0.5",
                "uni-simple-router": "^2.0.7",
                "uview-ui": "^1.8.4",
                "vue-jsonp": "^2.0.0"
            }
        },
        "node_modules/dayjs": {
            "version": "1.10.7",
            "resolved": "https://registry.nlark.com/dayjs/download/dayjs-1.10.7.tgz?cache=0&sync_timestamp=1631266519235&other_urls=https%3A%2F%2Fregistry.nlark.com%2Fdayjs%2Fdownload%2Fdayjs-1.10.7.tgz",
            "integrity": "sha1-LPX5Gt0oEWdIRAhmoKHSbzps5Gg="
        },
        "node_modules/uni-read-pages": {
            "version": "1.0.5",
            "resolved": "https://registry.npm.taobao.org/uni-read-pages/download/uni-read-pages-1.0.5.tgz",
            "integrity": "sha1-RSyNyqiXe7rvYAkJvpJsjZcEOHw="
        },
        "node_modules/uni-simple-router": {
            "version": "2.0.7",
            "resolved": "https://registry.nlark.com/uni-simple-router/download/uni-simple-router-2.0.7.tgz?cache=0&sync_timestamp=1629105759580&other_urls=https%3A%2F%2Fregistry.nlark.com%2Funi-simple-router%2Fdownload%2Funi-simple-router-2.0.7.tgz",
            "integrity": "sha1-BOC1vmzXM6HsudNaPb6C8n9IIE4="
        },
        "node_modules/uview-ui": {
            "version": "1.8.4",
            "resolved": "https://registry.npmmirror.com/uview-ui/download/uview-ui-1.8.4.tgz",
            "integrity": "sha1-4yu/I3lCHTGQIuMk4ct7U4fTvUQ="
        },
        "node_modules/vue-jsonp": {
            "version": "2.0.0",
            "resolved": "https://registry.nlark.com/vue-jsonp/download/vue-jsonp-2.0.0.tgz",
            "integrity": "sha1-O/rFa7cpQaJRHBHhoSO4dvA0J/c="
        }
    },
    "dependencies": {
        "dayjs": {
            "version": "1.10.7",
            "resolved": "https://registry.nlark.com/dayjs/download/dayjs-1.10.7.tgz?cache=0&sync_timestamp=1631266519235&other_urls=https%3A%2F%2Fregistry.nlark.com%2Fdayjs%2Fdownload%2Fdayjs-1.10.7.tgz",
            "integrity": "sha1-LPX5Gt0oEWdIRAhmoKHSbzps5Gg="
        },
        "uni-read-pages": {
            "version": "1.0.5",
            "resolved": "https://registry.npm.taobao.org/uni-read-pages/download/uni-read-pages-1.0.5.tgz",
            "integrity": "sha1-RSyNyqiXe7rvYAkJvpJsjZcEOHw="
        },
        "uni-simple-router": {
            "version": "2.0.7",
            "resolved": "https://registry.nlark.com/uni-simple-router/download/uni-simple-router-2.0.7.tgz?cache=0&sync_timestamp=1629105759580&other_urls=https%3A%2F%2Fregistry.nlark.com%2Funi-simple-router%2Fdownload%2Funi-simple-router-2.0.7.tgz",
            "integrity": "sha1-BOC1vmzXM6HsudNaPb6C8n9IIE4="
        },
        "uview-ui": {
            "version": "1.8.4",
            "resolved": "https://registry.npmmirror.com/uview-ui/download/uview-ui-1.8.4.tgz",
            "integrity": "sha1-4yu/I3lCHTGQIuMk4ct7U4fTvUQ="
        },
        "vue-jsonp": {
            "version": "2.0.0",
            "resolved": "https://registry.nlark.com/vue-jsonp/download/vue-jsonp-2.0.0.tgz",
            "integrity": "sha1-O/rFa7cpQaJRHBHhoSO4dvA0J/c="
        }
    }
}
